// !$*UTF8*$!
{
	archiveVersion = 1;
	classes = {
	};
	objectVersion = 56;
	objects = {

/* Begin PBXBuildFile section */
		B02FF64F2B9B8CB4000191A5 /* MVVMSwiftUICalculatorApp.swift in Sources */ = {isa = PBXBuildFile; fileRef = B02FF64E2B9B8CB4000191A5 /* MVVMSwiftUICalculatorApp.swift */; };
		B02FF6532B9B8CB5000191A5 /* Assets.xcassets in Resources */ = {isa = PBXBuildFile; fileRef = B02FF6522B9B8CB5000191A5 /* Assets.xcassets */; };
		B02FF6572B9B8CB5000191A5 /* Preview Assets.xcassets in Resources */ = {isa = PBXBuildFile; fileRef = B02FF6562B9B8CB5000191A5 /* Preview Assets.xcassets */; };
		B02FF65F2B9B8E9F000191A5 /* CalculatorView.swift in Sources */ = {isa = PBXBuildFile; fileRef = B02FF65E2B9B8E9F000191A5 /* CalculatorView.swift */; };
		B02FF6612B9B8EAC000191A5 /* CalculatorViewModel.swift in Sources */ = {isa = PBXBuildFile; fileRef = B02FF6602B9B8EAC000191A5 /* CalculatorViewModel.swift */; };
		B02FF6632B9B8EC3000191A5 /* Calculator.swift in Sources */ = {isa = PBXBuildFile; fileRef = B02FF6622B9B8EC3000191A5 /* Calculator.swift */; };
		B02FF6672B9B9661000191A5 /* RoundedButtonStyle.swift in Sources */ = {isa = PBXBuildFile; fileRef = B02FF6662B9B9661000191A5 /* RoundedButtonStyle.swift */; };
		B02FF69A2BA5DC14000191A5 /* MVVMSwiftUICalculatorTests.swift in Sources */ = {isa = PBXBuildFile; fileRef = B02FF6992BA5DC14000191A5 /* MVVMSwiftUICalculatorTests.swift */; };
		B02FF6A22BA5E74B000191A5 /* CalculatorViewModelTests.swift in Sources */ = {isa = PBXBuildFile; fileRef = B02FF6A12BA5E74B000191A5 /* CalculatorViewModelTests.swift */; };
		B02FF6A42BA5E7B8000191A5 /* CalculatorTests.swift in Sources */ = {isa = PBXBuildFile; fileRef = B02FF6A32BA5E7B8000191A5 /* CalculatorTests.swift */; };
		B02FF6A62BA8D289000191A5 /* CalculatorViewTests.swift in Sources */ = {isa = PBXBuildFile; fileRef = B02FF6A52BA8D289000191A5 /* CalculatorViewTests.swift */; };
		B02FF6A92BA8DA9C000191A5 /* SnapshotTesting in Frameworks */ = {isa = PBXBuildFile; productRef = B02FF6A82BA8DA9C000191A5 /* SnapshotTesting */; };
/* End PBXBuildFile section */

/* Begin PBXContainerItemProxy section */
		B02FF69B2BA5DC14000191A5 /* PBXContainerItemProxy */ = {
			isa = PBXContainerItemProxy;
			containerPortal = B02FF6432B9B8CB4000191A5 /* Project object */;
			proxyType = 1;
			remoteGlobalIDString = B02FF64A2B9B8CB4000191A5;
			remoteInfo = MVVMSwiftUICalculator;
		};
/* End PBXContainerItemProxy section */

/* Begin PBXFileReference section */
		B02FF64B2B9B8CB4000191A5 /* MVVMSwiftUICalculator.app */ = {isa = PBXFileReference; explicitFileType = wrapper.application; includeInIndex = 0; path = MVVMSwiftUICalculator.app; sourceTree = BUILT_PRODUCTS_DIR; };
		B02FF64E2B9B8CB4000191A5 /* MVVMSwiftUICalculatorApp.swift */ = {isa = PBXFileReference; lastKnownFileType = sourcecode.swift; path = MVVMSwiftUICalculatorApp.swift; sourceTree = "<group>"; };
		B02FF6522B9B8CB5000191A5 /* Assets.xcassets */ = {isa = PBXFileReference; lastKnownFileType = folder.assetcatalog; path = Assets.xcassets; sourceTree = "<group>"; };
		B02FF6542B9B8CB5000191A5 /* MVVMSwiftUICalculator.entitlements */ = {isa = PBXFileReference; lastKnownFileType = text.plist.entitlements; path = MVVMSwiftUICalculator.entitlements; sourceTree = "<group>"; };
		B02FF6562B9B8CB5000191A5 /* Preview Assets.xcassets */ = {isa = PBXFileReference; lastKnownFileType = folder.assetcatalog; path = "Preview Assets.xcassets"; sourceTree = "<group>"; };
		B02FF65E2B9B8E9F000191A5 /* CalculatorView.swift */ = {isa = PBXFileReference; lastKnownFileType = sourcecode.swift; path = CalculatorView.swift; sourceTree = "<group>"; };
		B02FF6602B9B8EAC000191A5 /* CalculatorViewModel.swift */ = {isa = PBXFileReference; lastKnownFileType = sourcecode.swift; path = CalculatorViewModel.swift; sourceTree = "<group>"; };
		B02FF6622B9B8EC3000191A5 /* Calculator.swift */ = {isa = PBXFileReference; lastKnownFileType = sourcecode.swift; path = Calculator.swift; sourceTree = "<group>"; };
		B02FF6662B9B9661000191A5 /* RoundedButtonStyle.swift */ = {isa = PBXFileReference; lastKnownFileType = sourcecode.swift; path = RoundedButtonStyle.swift; sourceTree = "<group>"; };
		B02FF6972BA5DC14000191A5 /* MVVMSwiftUICalculatorTests.xctest */ = {isa = PBXFileReference; explicitFileType = wrapper.cfbundle; includeInIndex = 0; path = MVVMSwiftUICalculatorTests.xctest; sourceTree = BUILT_PRODUCTS_DIR; };
		B02FF6992BA5DC14000191A5 /* MVVMSwiftUICalculatorTests.swift */ = {isa = PBXFileReference; lastKnownFileType = sourcecode.swift; path = MVVMSwiftUICalculatorTests.swift; sourceTree = "<group>"; };
		B02FF6A12BA5E74B000191A5 /* CalculatorViewModelTests.swift */ = {isa = PBXFileReference; lastKnownFileType = sourcecode.swift; path = CalculatorViewModelTests.swift; sourceTree = "<group>"; };
		B02FF6A32BA5E7B8000191A5 /* CalculatorTests.swift */ = {isa = PBXFileReference; lastKnownFileType = sourcecode.swift; path = CalculatorTests.swift; sourceTree = "<group>"; };
		B02FF6A52BA8D289000191A5 /* CalculatorViewTests.swift */ = {isa = PBXFileReference; lastKnownFileType = sourcecode.swift; path = CalculatorViewTests.swift; sourceTree = "<group>"; };
/* End PBXFileReference section */

/* Begin PBXFrameworksBuildPhase section */
		B02FF6482B9B8CB4000191A5 /* Frameworks */ = {
			isa = PBXFrameworksBuildPhase;
			buildActionMask = 2147483647;
			files = (
			);
			runOnlyForDeploymentPostprocessing = 0;
		};
		B02FF6942BA5DC14000191A5 /* Frameworks */ = {
			isa = PBXFrameworksBuildPhase;
			buildActionMask = 2147483647;
			files = (
				B02FF6A92BA8DA9C000191A5 /* SnapshotTesting in Frameworks */,
			);
			runOnlyForDeploymentPostprocessing = 0;
		};
/* End PBXFrameworksBuildPhase section */

/* Begin PBXGroup section */
		B02FF6422B9B8CB4000191A5 = {
			isa = PBXGroup;
			children = (
				B02FF64D2B9B8CB4000191A5 /* MVVMSwiftUICalculator */,
				B02FF6982BA5DC14000191A5 /* MVVMSwiftUICalculatorTests */,
				B02FF64C2B9B8CB4000191A5 /* Products */,
			);
			sourceTree = "<group>";
		};
		B02FF64C2B9B8CB4000191A5 /* Products */ = {
			isa = PBXGroup;
			children = (
				B02FF64B2B9B8CB4000191A5 /* MVVMSwiftUICalculator.app */,
				B02FF6972BA5DC14000191A5 /* MVVMSwiftUICalculatorTests.xctest */,
			);
			name = Products;
			sourceTree = "<group>";
		};
		B02FF64D2B9B8CB4000191A5 /* MVVMSwiftUICalculator */ = {
			isa = PBXGroup;
			children = (
				B02FF65D2B9B8DE9000191A5 /* Calculator */,
				B02FF6642B9B95EB000191A5 /* Utilities */,
				B02FF64E2B9B8CB4000191A5 /* MVVMSwiftUICalculatorApp.swift */,
				B02FF6522B9B8CB5000191A5 /* Assets.xcassets */,
				B02FF6542B9B8CB5000191A5 /* MVVMSwiftUICalculator.entitlements */,
				B02FF6552B9B8CB5000191A5 /* Preview Content */,
			);
			path = MVVMSwiftUICalculator;
			sourceTree = "<group>";
		};
		B02FF6552B9B8CB5000191A5 /* Preview Content */ = {
			isa = PBXGroup;
			children = (
				B02FF6562B9B8CB5000191A5 /* Preview Assets.xcassets */,
			);
			path = "Preview Content";
			sourceTree = "<group>";
		};
		B02FF65D2B9B8DE9000191A5 /* Calculator */ = {
			isa = PBXGroup;
			children = (
				B02FF65E2B9B8E9F000191A5 /* CalculatorView.swift */,
				B02FF6602B9B8EAC000191A5 /* CalculatorViewModel.swift */,
				B02FF6622B9B8EC3000191A5 /* Calculator.swift */,
			);
			path = Calculator;
			sourceTree = "<group>";
		};
		B02FF6642B9B95EB000191A5 /* Utilities */ = {
			isa = PBXGroup;
			children = (
				B02FF6662B9B9661000191A5 /* RoundedButtonStyle.swift */,
			);
			path = Utilities;
			sourceTree = "<group>";
		};
		B02FF6982BA5DC14000191A5 /* MVVMSwiftUICalculatorTests */ = {
			isa = PBXGroup;
			children = (
				B02FF6A02BA5E6EE000191A5 /* Calculator */,
				B02FF6992BA5DC14000191A5 /* MVVMSwiftUICalculatorTests.swift */,
			);
			path = MVVMSwiftUICalculatorTests;
			sourceTree = "<group>";
		};
		B02FF6A02BA5E6EE000191A5 /* Calculator */ = {
			isa = PBXGroup;
			children = (
				B02FF6A12BA5E74B000191A5 /* CalculatorViewModelTests.swift */,
				B02FF6A32BA5E7B8000191A5 /* CalculatorTests.swift */,
				B02FF6A52BA8D289000191A5 /* CalculatorViewTests.swift */,
			);
			path = Calculator;
			sourceTree = "<group>";
		};
/* End PBXGroup section */

/* Begin PBXNativeTarget section */
		B02FF64A2B9B8CB4000191A5 /* MVVMSwiftUICalculator */ = {
			isa = PBXNativeTarget;
			buildConfigurationList = B02FF65A2B9B8CB5000191A5 /* Build configuration list for PBXNativeTarget "MVVMSwiftUICalculator" */;
			buildPhases = (
				B02FF6472B9B8CB4000191A5 /* Sources */,
				B02FF6482B9B8CB4000191A5 /* Frameworks */,
				B02FF6492B9B8CB4000191A5 /* Resources */,
			);
			buildRules = (
			);
			dependencies = (
			);
			name = MVVMSwiftUICalculator;
			productName = MVVMSwiftUICalculator;
			productReference = B02FF64B2B9B8CB4000191A5 /* MVVMSwiftUICalculator.app */;
			productType = "com.apple.product-type.application";
		};
		B02FF6962BA5DC14000191A5 /* MVVMSwiftUICalculatorTests */ = {
			isa = PBXNativeTarget;
			buildConfigurationList = B02FF69D2BA5DC14000191A5 /* Build configuration list for PBXNativeTarget "MVVMSwiftUICalculatorTests" */;
			buildPhases = (
				B02FF6932BA5DC14000191A5 /* Sources */,
				B02FF6942BA5DC14000191A5 /* Frameworks */,
				B02FF6952BA5DC14000191A5 /* Resources */,
			);
			buildRules = (
			);
			dependencies = (
				B02FF69C2BA5DC14000191A5 /* PBXTargetDependency */,
			);
			name = MVVMSwiftUICalculatorTests;
			packageProductDependencies = (
				B02FF6A82BA8DA9C000191A5 /* SnapshotTesting */,
			);
			productName = MVVMSwiftUICalculatorTests;
			productReference = B02FF6972BA5DC14000191A5 /* MVVMSwiftUICalculatorTests.xctest */;
			productType = "com.apple.product-type.bundle.unit-test";
		};
/* End PBXNativeTarget section */

/* Begin PBXProject section */
		B02FF6432B9B8CB4000191A5 /* Project object */ = {
			isa = PBXProject;
			attributes = {
				BuildIndependentTargetsInParallel = 1;
				LastSwiftUpdateCheck = 1500;
				LastUpgradeCheck = 1500;
				TargetAttributes = {
					B02FF64A2B9B8CB4000191A5 = {
						CreatedOnToolsVersion = 15.0.1;
					};
					B02FF6962BA5DC14000191A5 = {
						CreatedOnToolsVersion = 15.0.1;
						TestTargetID = B02FF64A2B9B8CB4000191A5;
					};
				};
			};
			buildConfigurationList = B02FF6462B9B8CB4000191A5 /* Build configuration list for PBXProject "MVVMSwiftUICalculator" */;
			compatibilityVersion = "Xcode 14.0";
			developmentRegion = en;
			hasScannedForEncodings = 0;
			knownRegions = (
				en,
				Base,
			);
			mainGroup = B02FF6422B9B8CB4000191A5;
			packageReferences = (
				B02FF6A72BA8DA9C000191A5 /* XCRemoteSwiftPackageReference "swift-snapshot-testing" */,
			);
			productRefGroup = B02FF64C2B9B8CB4000191A5 /* Products */;
			projectDirPath = "";
			projectRoot = "";
			targets = (
				B02FF64A2B9B8CB4000191A5 /* MVVMSwiftUICalculator */,
				B02FF6962BA5DC14000191A5 /* MVVMSwiftUICalculatorTests */,
			);
		};
/* End PBXProject section */

/* Begin PBXResourcesBuildPhase section */
		B02FF6492B9B8CB4000191A5 /* Resources */ = {
			isa = PBXResourcesBuildPhase;
			buildActionMask = 2147483647;
			files = (
				B02FF6572B9B8CB5000191A5 /* Preview Assets.xcassets in Resources */,
				B02FF6532B9B8CB5000191A5 /* Assets.xcassets in Resources */,
			);
			runOnlyForDeploymentPostprocessing = 0;
		};
		B02FF6952BA5DC14000191A5 /* Resources */ = {
			isa = PBXResourcesBuildPhase;
			buildActionMask = 2147483647;
			files = (
			);
			runOnlyForDeploymentPostprocessing = 0;
		};
/* End PBXResourcesBuildPhase section */

/* Begin PBXSourcesBuildPhase section */
		B02FF6472B9B8CB4000191A5 /* Sources */ = {
			isa = PBXSourcesBuildPhase;
			buildActionMask = 2147483647;
			files = (
				B02FF65F2B9B8E9F000191A5 /* CalculatorView.swift in Sources */,
				B02FF6612B9B8EAC000191A5 /* CalculatorViewModel.swift in Sources */,
				B02FF6672B9B9661000191A5 /* RoundedButtonStyle.swift in Sources */,
				B02FF6632B9B8EC3000191A5 /* Calculator.swift in Sources */,
				B02FF64F2B9B8CB4000191A5 /* MVVMSwiftUICalculatorApp.swift in Sources */,
			);
			runOnlyForDeploymentPostprocessing = 0;
		};
		B02FF6932BA5DC14000191A5 /* Sources */ = {
			isa = PBXSourcesBuildPhase;
			buildActionMask = 2147483647;
			files = (
				B02FF6A62BA8D289000191A5 /* CalculatorViewTests.swift in Sources */,
				B02FF6A22BA5E74B000191A5 /* CalculatorViewModelTests.swift in Sources */,
				B02FF6A42BA5E7B8000191A5 /* CalculatorTests.swift in Sources */,
				B02FF69A2BA5DC14000191A5 /* MVVMSwiftUICalculatorTests.swift in Sources */,
			);
			runOnlyForDeploymentPostprocessing = 0;
		};
/* End PBXSourcesBuildPhase section */

/* Begin PBXTargetDependency section */
		B02FF69C2BA5DC14000191A5 /* PBXTargetDependency */ = {
			isa = PBXTargetDependency;
			target = B02FF64A2B9B8CB4000191A5 /* MVVMSwiftUICalculator */;
			targetProxy = B02FF69B2BA5DC14000191A5 /* PBXContainerItemProxy */;
		};
/* End PBXTargetDependency section */

/* Begin XCBuildConfiguration section */
		B02FF6582B9B8CB5000191A5 /* Debug */ = {
			isa = XCBuildConfiguration;
			buildSettings = {
				ALWAYS_SEARCH_USER_PATHS = NO;
				ASSETCATALOG_COMPILER_GENERATE_SWIFT_ASSET_SYMBOL_EXTENSIONS = YES;
				CLANG_ANALYZER_NONNULL = YES;
				CLANG_ANALYZER_NUMBER_OBJECT_CONVERSION = YES_AGGRESSIVE;
				CLANG_CXX_LANGUAGE_STANDARD = "gnu++20";
				CLANG_ENABLE_MODULES = YES;
				CLANG_ENABLE_OBJC_ARC = YES;
				CLANG_ENABLE_OBJC_WEAK = YES;
				CLANG_WARN_BLOCK_CAPTURE_AUTORELEASING = YES;
				CLANG_WARN_BOOL_CONVERSION = YES;
				CLANG_WARN_COMMA = YES;
				CLANG_WARN_CONSTANT_CONVERSION = YES;
				CLANG_WARN_DEPRECATED_OBJC_IMPLEMENTATIONS = YES;
				CLANG_WARN_DIRECT_OBJC_ISA_USAGE = YES_ERROR;
				CLANG_WARN_DOCUMENTATION_COMMENTS = YES;
				CLANG_WARN_EMPTY_BODY = YES;
				CLANG_WARN_ENUM_CONVERSION = YES;
				CLANG_WARN_INFINITE_RECURSION = YES;
				CLANG_WARN_INT_CONVERSION = YES;
				CLANG_WARN_NON_LITERAL_NULL_CONVERSION = YES;
				CLANG_WARN_OBJC_IMPLICIT_RETAIN_SELF = YES;
				CLANG_WARN_OBJC_LITERAL_CONVERSION = YES;
				CLANG_WARN_OBJC_ROOT_CLASS = YES_ERROR;
				CLANG_WARN_QUOTED_INCLUDE_IN_FRAMEWORK_HEADER = YES;
				CLANG_WARN_RANGE_LOOP_ANALYSIS = YES;
				CLANG_WARN_STRICT_PROTOTYPES = YES;
				CLANG_WARN_SUSPICIOUS_MOVE = YES;
				CLANG_WARN_UNGUARDED_AVAILABILITY = YES_AGGRESSIVE;
				CLANG_WARN_UNREACHABLE_CODE = YES;
				CLANG_WARN__DUPLICATE_METHOD_MATCH = YES;
				COPY_PHASE_STRIP = NO;
				DEBUG_INFORMATION_FORMAT = dwarf;
				ENABLE_STRICT_OBJC_MSGSEND = YES;
				ENABLE_TESTABILITY = YES;
				ENABLE_USER_SCRIPT_SANDBOXING = YES;
				GCC_C_LANGUAGE_STANDARD = gnu17;
				GCC_DYNAMIC_NO_PIC = NO;
				GCC_NO_COMMON_BLOCKS = YES;
				GCC_OPTIMIZATION_LEVEL = 0;
				GCC_PREPROCESSOR_DEFINITIONS = (
					"DEBUG=1",
					"$(inherited)",
				);
				GCC_WARN_64_TO_32_BIT_CONVERSION = YES;
				GCC_WARN_ABOUT_RETURN_TYPE = YES_ERROR;
				GCC_WARN_UNDECLARED_SELECTOR = YES;
				GCC_WARN_UNINITIALIZED_AUTOS = YES_AGGRESSIVE;
				GCC_WARN_UNUSED_FUNCTION = YES;
				GCC_WARN_UNUSED_VARIABLE = YES;
				LOCALIZATION_PREFERS_STRING_CATALOGS = YES;
				MTL_ENABLE_DEBUG_INFO = INCLUDE_SOURCE;
				MTL_FAST_MATH = YES;
				ONLY_ACTIVE_ARCH = YES;
				SWIFT_ACTIVE_COMPILATION_CONDITIONS = "DEBUG $(inherited)";
				SWIFT_OPTIMIZATION_LEVEL = "-Onone";
			};
			name = Debug;
		};
		B02FF6592B9B8CB5000191A5 /* Release */ = {
			isa = XCBuildConfiguration;
			buildSettings = {
				ALWAYS_SEARCH_USER_PATHS = NO;
				ASSETCATALOG_COMPILER_GENERATE_SWIFT_ASSET_SYMBOL_EXTENSIONS = YES;
				CLANG_ANALYZER_NONNULL = YES;
				CLANG_ANALYZER_NUMBER_OBJECT_CONVERSION = YES_AGGRESSIVE;
				CLANG_CXX_LANGUAGE_STANDARD = "gnu++20";
				CLANG_ENABLE_MODULES = YES;
				CLANG_ENABLE_OBJC_ARC = YES;
				CLANG_ENABLE_OBJC_WEAK = YES;
				CLANG_WARN_BLOCK_CAPTURE_AUTORELEASING = YES;
				CLANG_WARN_BOOL_CONVERSION = YES;
				CLANG_WARN_COMMA = YES;
				CLANG_WARN_CONSTANT_CONVERSION = YES;
				CLANG_WARN_DEPRECATED_OBJC_IMPLEMENTATIONS = YES;
				CLANG_WARN_DIRECT_OBJC_ISA_USAGE = YES_ERROR;
				CLANG_WARN_DOCUMENTATION_COMMENTS = YES;
				CLANG_WARN_EMPTY_BODY = YES;
				CLANG_WARN_ENUM_CONVERSION = YES;
				CLANG_WARN_INFINITE_RECURSION = YES;
				CLANG_WARN_INT_CONVERSION = YES;
				CLANG_WARN_NON_LITERAL_NULL_CONVERSION = YES;
				CLANG_WARN_OBJC_IMPLICIT_RETAIN_SELF = YES;
				CLANG_WARN_OBJC_LITERAL_CONVERSION = YES;
				CLANG_WARN_OBJC_ROOT_CLASS = YES_ERROR;
				CLANG_WARN_QUOTED_INCLUDE_IN_FRAMEWORK_HEADER = YES;
				CLANG_WARN_RANGE_LOOP_ANALYSIS = YES;
				CLANG_WARN_STRICT_PROTOTYPES = YES;
				CLANG_WARN_SUSPICIOUS_MOVE = YES;
				CLANG_WARN_UNGUARDED_AVAILABILITY = YES_AGGRESSIVE;
				CLANG_WARN_UNREACHABLE_CODE = YES;
				CLANG_WARN__DUPLICATE_METHOD_MATCH = YES;
				COPY_PHASE_STRIP = NO;
				DEBUG_INFORMATION_FORMAT = "dwarf-with-dsym";
				ENABLE_NS_ASSERTIONS = NO;
				ENABLE_STRICT_OBJC_MSGSEND = YES;
				ENABLE_USER_SCRIPT_SANDBOXING = YES;
				GCC_C_LANGUAGE_STANDARD = gnu17;
				GCC_NO_COMMON_BLOCKS = YES;
				GCC_WARN_64_TO_32_BIT_CONVERSION = YES;
				GCC_WARN_ABOUT_RETURN_TYPE = YES_ERROR;
				GCC_WARN_UNDECLARED_SELECTOR = YES;
				GCC_WARN_UNINITIALIZED_AUTOS = YES_AGGRESSIVE;
				GCC_WARN_UNUSED_FUNCTION = YES;
				GCC_WARN_UNUSED_VARIABLE = YES;
				LOCALIZATION_PREFERS_STRING_CATALOGS = YES;
				MTL_ENABLE_DEBUG_INFO = NO;
				MTL_FAST_MATH = YES;
				SWIFT_COMPILATION_MODE = wholemodule;
			};
			name = Release;
		};
		B02FF65B2B9B8CB5000191A5 /* Debug */ = {
			isa = XCBuildConfiguration;
			buildSettings = {
				ASSETCATALOG_COMPILER_APPICON_NAME = AppIcon;
				ASSETCATALOG_COMPILER_GLOBAL_ACCENT_COLOR_NAME = AccentColor;
				CODE_SIGN_ENTITLEMENTS = MVVMSwiftUICalculator/MVVMSwiftUICalculator.entitlements;
				CODE_SIGN_STYLE = Automatic;
				CURRENT_PROJECT_VERSION = 1;
				DEVELOPMENT_ASSET_PATHS = "\"MVVMSwiftUICalculator/Preview Content\"";
				ENABLE_PREVIEWS = YES;
				GENERATE_INFOPLIST_FILE = YES;
				"INFOPLIST_KEY_UIApplicationSceneManifest_Generation[sdk=iphoneos*]" = YES;
				"INFOPLIST_KEY_UIApplicationSceneManifest_Generation[sdk=iphonesimulator*]" = YES;
				"INFOPLIST_KEY_UIApplicationSupportsIndirectInputEvents[sdk=iphoneos*]" = YES;
				"INFOPLIST_KEY_UIApplicationSupportsIndirectInputEvents[sdk=iphonesimulator*]" = YES;
				"INFOPLIST_KEY_UILaunchScreen_Generation[sdk=iphoneos*]" = YES;
				"INFOPLIST_KEY_UILaunchScreen_Generation[sdk=iphonesimulator*]" = YES;
				"INFOPLIST_KEY_UIStatusBarStyle[sdk=iphoneos*]" = UIStatusBarStyleDefault;
				"INFOPLIST_KEY_UIStatusBarStyle[sdk=iphonesimulator*]" = UIStatusBarStyleDefault;
				INFOPLIST_KEY_UISupportedInterfaceOrientations_iPad = "UIInterfaceOrientationPortrait UIInterfaceOrientationPortraitUpsideDown UIInterfaceOrientationLandscapeLeft UIInterfaceOrientationLandscapeRight";
				INFOPLIST_KEY_UISupportedInterfaceOrientations_iPhone = "UIInterfaceOrientationPortrait UIInterfaceOrientationLandscapeLeft UIInterfaceOrientationLandscapeRight";
				IPHONEOS_DEPLOYMENT_TARGET = 17.0;
				LD_RUNPATH_SEARCH_PATHS = "@executable_path/Frameworks";
				"LD_RUNPATH_SEARCH_PATHS[sdk=macosx*]" = "@executable_path/../Frameworks";
				MACOSX_DEPLOYMENT_TARGET = 14.0;
				MARKETING_VERSION = 1.0;
				PRODUCT_BUNDLE_IDENTIFIER = com.study.MVVMSwiftUICalculator;
				PRODUCT_NAME = "$(TARGET_NAME)";
				SDKROOT = auto;
				SUPPORTED_PLATFORMS = "iphoneos iphonesimulator";
				SUPPORTS_MACCATALYST = NO;
				SWIFT_EMIT_LOC_STRINGS = YES;
				SWIFT_VERSION = 5.0;
				TARGETED_DEVICE_FAMILY = "1,2";
			};
			name = Debug;
		};
		B02FF65C2B9B8CB5000191A5 /* Release */ = {
			isa = XCBuildConfiguration;
			buildSettings = {
				ASSETCATALOG_COMPILER_APPICON_NAME = AppIcon;
				ASSETCATALOG_COMPILER_GLOBAL_ACCENT_COLOR_NAME = AccentColor;
				CODE_SIGN_ENTITLEMENTS = MVVMSwiftUICalculator/MVVMSwiftUICalculator.entitlements;
				CODE_SIGN_STYLE = Automatic;
				CURRENT_PROJECT_VERSION = 1;
				DEVELOPMENT_ASSET_PATHS = "\"MVVMSwiftUICalculator/Preview Content\"";
				ENABLE_PREVIEWS = YES;
				GENERATE_INFOPLIST_FILE = YES;
				"INFOPLIST_KEY_UIApplicationSceneManifest_Generation[sdk=iphoneos*]" = YES;
				"INFOPLIST_KEY_UIApplicationSceneManifest_Generation[sdk=iphonesimulator*]" = YES;
				"INFOPLIST_KEY_UIApplicationSupportsIndirectInputEvents[sdk=iphoneos*]" = YES;
				"INFOPLIST_KEY_UIApplicationSupportsIndirectInputEvents[sdk=iphonesimulator*]" = YES;
				"INFOPLIST_KEY_UILaunchScreen_Generation[sdk=iphoneos*]" = YES;
				"INFOPLIST_KEY_UILaunchScreen_Generation[sdk=iphonesimulator*]" = YES;
				"INFOPLIST_KEY_UIStatusBarStyle[sdk=iphoneos*]" = UIStatusBarStyleDefault;
				"INFOPLIST_KEY_UIStatusBarStyle[sdk=iphonesimulator*]" = UIStatusBarStyleDefault;
				INFOPLIST_KEY_UISupportedInterfaceOrientations_iPad = "UIInterfaceOrientationPortrait UIInterfaceOrientationPortraitUpsideDown UIInterfaceOrientationLandscapeLeft UIInterfaceOrientationLandscapeRight";
				INFOPLIST_KEY_UISupportedInterfaceOrientations_iPhone = "UIInterfaceOrientationPortrait UIInterfaceOrientationLandscapeLeft UIInterfaceOrientationLandscapeRight";
				IPHONEOS_DEPLOYMENT_TARGET = 17.0;
				LD_RUNPATH_SEARCH_PATHS = "@executable_path/Frameworks";
				"LD_RUNPATH_SEARCH_PATHS[sdk=macosx*]" = "@executable_path/../Frameworks";
				MACOSX_DEPLOYMENT_TARGET = 14.0;
				MARKETING_VERSION = 1.0;
				PRODUCT_BUNDLE_IDENTIFIER = com.study.MVVMSwiftUICalculator;
				PRODUCT_NAME = "$(TARGET_NAME)";
				SDKROOT = auto;
				SUPPORTED_PLATFORMS = "iphoneos iphonesimulator";
				SUPPORTS_MACCATALYST = NO;
				SWIFT_EMIT_LOC_STRINGS = YES;
				SWIFT_VERSION = 5.0;
				TARGETED_DEVICE_FAMILY = "1,2";
			};
			name = Release;
		};
		B02FF69E2BA5DC14000191A5 /* Debug */ = {
			isa = XCBuildConfiguration;
			buildSettings = {
				BUNDLE_LOADER = "$(TEST_HOST)";
				CODE_SIGN_STYLE = Automatic;
				CURRENT_PROJECT_VERSION = 1;
				GENERATE_INFOPLIST_FILE = YES;
				IPHONEOS_DEPLOYMENT_TARGET = 17.0;
				MARKETING_VERSION = 1.0;
				PRODUCT_BUNDLE_IDENTIFIER = com.study.MVVMSwiftUICalculatorTests;
				PRODUCT_NAME = "$(TARGET_NAME)";
				SDKROOT = iphoneos;
				SWIFT_EMIT_LOC_STRINGS = NO;
				SWIFT_VERSION = 5.0;
				TARGETED_DEVICE_FAMILY = "1,2";
				TEST_HOST = "$(BUILT_PRODUCTS_DIR)/MVVMSwiftUICalculator.app/$(BUNDLE_EXECUTABLE_FOLDER_PATH)/MVVMSwiftUICalculator";
			};
			name = Debug;
		};
		B02FF69F2BA5DC14000191A5 /* Release */ = {
			isa = XCBuildConfiguration;
			buildSettings = {
				BUNDLE_LOADER = "$(TEST_HOST)";
				CODE_SIGN_STYLE = Automatic;
				CURRENT_PROJECT_VERSION = 1;
				GENERATE_INFOPLIST_FILE = YES;
				IPHONEOS_DEPLOYMENT_TARGET = 17.0;
				MARKETING_VERSION = 1.0;
				PRODUCT_BUNDLE_IDENTIFIER = com.study.MVVMSwiftUICalculatorTests;
				PRODUCT_NAME = "$(TARGET_NAME)";
				SDKROOT = iphoneos;
				SWIFT_EMIT_LOC_STRINGS = NO;
				SWIFT_VERSION = 5.0;
				TARGETED_DEVICE_FAMILY = "1,2";
				TEST_HOST = "$(BUILT_PRODUCTS_DIR)/MVVMSwiftUICalculator.app/$(BUNDLE_EXECUTABLE_FOLDER_PATH)/MVVMSwiftUICalculator";
				VALIDATE_PRODUCT = YES;
			};
			name = Release;
		};
/* End XCBuildConfiguration section */

/* Begin XCConfigurationList section */
		B02FF6462B9B8CB4000191A5 /* Build configuration list for PBXProject "MVVMSwiftUICalculator" */ = {
			isa = XCConfigurationList;
			buildConfigurations = (
				B02FF6582B9B8CB5000191A5 /* Debug */,
				B02FF6592B9B8CB5000191A5 /* Release */,
			);
			defaultConfigurationIsVisible = 0;
			defaultConfigurationName = Release;
		};
		B02FF65A2B9B8CB5000191A5 /* Build configuration list for PBXNativeTarget "MVVMSwiftUICalculator" */ = {
			isa = XCConfigurationList;
			buildConfigurations = (
				B02FF65B2B9B8CB5000191A5 /* Debug */,
				B02FF65C2B9B8CB5000191A5 /* Release */,
			);
			defaultConfigurationIsVisible = 0;
			defaultConfigurationName = Release;
		};
		B02FF69D2BA5DC14000191A5 /* Build configuration list for PBXNativeTarget "MVVMSwiftUICalculatorTests" */ = {
			isa = XCConfigurationList;
			buildConfigurations = (
				B02FF69E2BA5DC14000191A5 /* Debug */,
				B02FF69F2BA5DC14000191A5 /* Release */,
			);
			defaultConfigurationIsVisible = 0;
			defaultConfigurationName = Release;
		};
/* End XCConfigurationList section */

/* Begin XCRemoteSwiftPackageReference section */
		B02FF6A72BA8DA9C000191A5 /* XCRemoteSwiftPackageReference "swift-snapshot-testing" */ = {
			isa = XCRemoteSwiftPackageReference;
			repositoryURL = "https://github.com/pointfreeco/swift-snapshot-testing";
			requirement = {
				kind = upToNextMajorVersion;
				minimumVersion = 1.15.4;
			};
		};
/* End XCRemoteSwiftPackageReference section */

/* Begin XCSwiftPackageProductDependency section */
		B02FF6A82BA8DA9C000191A5 /* SnapshotTesting */ = {
			isa = XCSwiftPackageProductDependency;
			package = B02FF6A72BA8DA9C000191A5 /* XCRemoteSwiftPackageReference "swift-snapshot-testing" */;
			productName = SnapshotTesting;
		};
/* End XCSwiftPackageProductDependency section */
	};
	rootObject = B02FF6432B9B8CB4000191A5 /* Project object */;
}
